// !$*UTF8*$!
{
	archiveVersion = 1;
	classes = {
	};
	objectVersion = 46;
	objects = {

/* Begin PBXBuildFile section */
		7205716D1C85ED5B000A0FBE /* 3.5inch.storyboard in Resources */ = {isa = PBXBuildFile; fileRef = 7205716C1C85ED5B000A0FBE /* 3.5inch.storyboard */; };
		7205716F1C85ED6C000A0FBE /* 4.7inch.storyboard in Resources */ = {isa = PBXBuildFile; fileRef = 7205716E1C85ED6C000A0FBE /* 4.7inch.storyboard */; };
		720571711C85ED88000A0FBE /* 5.5inch.storyboard in Resources */ = {isa = PBXBuildFile; fileRef = 720571701C85ED88000A0FBE /* 5.5inch.storyboard */; };
		720874821C32858B00380660 /* AppDelegate.swift in Sources */ = {isa = PBXBuildFile; fileRef = 720874811C32858B00380660 /* AppDelegate.swift */; };
		720874841C32858B00380660 /* ViewController.swift in Sources */ = {isa = PBXBuildFile; fileRef = 720874831C32858B00380660 /* ViewController.swift */; };
		720874871C32858B00380660 /* 4inch.storyboard in Resources */ = {isa = PBXBuildFile; fileRef = 720874851C32858B00380660 /* 4inch.storyboard */; };
		720874891C32858B00380660 /* Assets.xcassets in Resources */ = {isa = PBXBuildFile; fileRef = 720874881C32858B00380660 /* Assets.xcassets */; };
		7208748C1C32858B00380660 /* LaunchScreen.storyboard in Resources */ = {isa = PBXBuildFile; fileRef = 7208748A1C32858B00380660 /* LaunchScreen.storyboard */; };
		720874971C32858B00380660 /* MinwariTests.swift in Sources */ = {isa = PBXBuildFile; fileRef = 720874961C32858B00380660 /* MinwariTests.swift */; };
		720874A21C32858B00380660 /* MinwariUITests.swift in Sources */ = {isa = PBXBuildFile; fileRef = 720874A11C32858B00380660 /* MinwariUITests.swift */; };
		7244ABB01C84878700CF36EA /* Button01.png in Resources */ = {isa = PBXBuildFile; fileRef = 7244AB921C84878700CF36EA /* Button01.png */; };
		7244ABB11C84878700CF36EA /* Button02.png in Resources */ = {isa = PBXBuildFile; fileRef = 7244AB931C84878700CF36EA /* Button02.png */; };
		7244ABBF1C84878700CF36EA /* Resultラベル.png in Resources */ = {isa = PBXBuildFile; fileRef = 7244ABA31C84878700CF36EA /* Resultラベル.png */; };
		7244ABC01C84878700CF36EA /* Swichラベル.png in Resources */ = {isa = PBXBuildFile; fileRef = 7244ABA41C84878700CF36EA /* Swichラベル.png */; };
		7244ABC21C84878700CF36EA /* 人数Label.png in Resources */ = {isa = PBXBuildFile; fileRef = 7244ABA61C84878700CF36EA /* 人数Label.png */; };
		7244ABC31C84878700CF36EA /* 単位選択Label.png in Resources */ = {isa = PBXBuildFile; fileRef = 7244ABA71C84878700CF36EA /* 単位選択Label.png */; };
		7244ABC51C84878700CF36EA /* 料金Label.png in Resources */ = {isa = PBXBuildFile; fileRef = 7244ABA91C84878700CF36EA /* 料金Label.png */; };
		7244ABC61C84878700CF36EA /* 端数ラベル.png in Resources */ = {isa = PBXBuildFile; fileRef = 7244ABAA1C84878700CF36EA /* 端数ラベル.png */; };
		7244ABCB1C848AA100CF36EA /* Label1.png in Resources */ = {isa = PBXBuildFile; fileRef = 7244ABC91C848AA100CF36EA /* Label1.png */; };
		7244ABCC1C848AA100CF36EA /* Label2.png in Resources */ = {isa = PBXBuildFile; fileRef = 7244ABCA1C848AA100CF36EA /* Label2.png */; };
		7244ABCE1C848CD200CF36EA /* タイトルLabel.png in Resources */ = {isa = PBXBuildFile; fileRef = 7244ABCD1C848CD200CF36EA /* タイトルLabel.png */; };
		72662AFF1C465E1500A8B714 /* ResultViewController.swift in Sources */ = {isa = PBXBuildFile; fileRef = 72662AFE1C465E1500A8B714 /* ResultViewController.swift */; };
/* End PBXBuildFile section */

/* Begin PBXContainerItemProxy section */
		720874931C32858B00380660 /* PBXContainerItemProxy */ = {
			isa = PBXContainerItemProxy;
			containerPortal = 720874761C32858B00380660 /* Project object */;
			proxyType = 1;
			remoteGlobalIDString = 7208747D1C32858B00380660;
			remoteInfo = Minwari;
		};
		7208749E1C32858B00380660 /* PBXContainerItemProxy */ = {
			isa = PBXContainerItemProxy;
			containerPortal = 720874761C32858B00380660 /* Project object */;
			proxyType = 1;
			remoteGlobalIDString = 7208747D1C32858B00380660;
			remoteInfo = Minwari;
		};
/* End PBXContainerItemProxy section */

/* Begin PBXFileReference section */
		7205716C1C85ED5B000A0FBE /* 3.5inch.storyboard */ = {isa = PBXFileReference; fileEncoding = 4; lastKnownFileType = file.storyboard; name = 3.5inch.storyboard; path = ../3.5inch.storyboard; sourceTree = "<group>"; };
		7205716E1C85ED6C000A0FBE /* 4.7inch.storyboard */ = {isa = PBXFileReference; fileEncoding = 4; lastKnownFileType = file.storyboard; name = 4.7inch.storyboard; path = ../4.7inch.storyboard; sourceTree = "<group>"; };
		720571701C85ED88000A0FBE /* 5.5inch.storyboard */ = {isa = PBXFileReference; fileEncoding = 4; lastKnownFileType = file.storyboard; name = 5.5inch.storyboard; path = ../5.5inch.storyboard; sourceTree = "<group>"; };
		7208747E1C32858B00380660 /* Minwari.app */ = {isa = PBXFileReference; explicitFileType = wrapper.application; includeInIndex = 0; path = Minwari.app; sourceTree = BUILT_PRODUCTS_DIR; };
		720874811C32858B00380660 /* AppDelegate.swift */ = {isa = PBXFileReference; lastKnownFileType = sourcecode.swift; path = AppDelegate.swift; sourceTree = "<group>"; };
		720874831C32858B00380660 /* ViewController.swift */ = {isa = PBXFileReference; lastKnownFileType = sourcecode.swift; path = ViewController.swift; sourceTree = "<group>"; };
		720874861C32858B00380660 /* Base */ = {isa = PBXFileReference; lastKnownFileType = file.storyboard; name = Base; path = Base.lproj/4inch.storyboard; sourceTree = "<group>"; };
		720874881C32858B00380660 /* Assets.xcassets */ = {isa = PBXFileReference; lastKnownFileType = folder.assetcatalog; path = Assets.xcassets; sourceTree = "<group>"; };
		7208748B1C32858B00380660 /* Base */ = {isa = PBXFileReference; lastKnownFileType = file.storyboard; name = Base; path = Base.lproj/LaunchScreen.storyboard; sourceTree = "<group>"; };
		7208748D1C32858B00380660 /* Info.plist */ = {isa = PBXFileReference; lastKnownFileType = text.plist.xml; path = Info.plist; sourceTree = "<group>"; };
		720874921C32858B00380660 /* MinwariTests.xctest */ = {isa = PBXFileReference; explicitFileType = wrapper.cfbundle; includeInIndex = 0; path = MinwariTests.xctest; sourceTree = BUILT_PRODUCTS_DIR; };
		720874961C32858B00380660 /* MinwariTests.swift */ = {isa = PBXFileReference; lastKnownFileType = sourcecode.swift; path = MinwariTests.swift; sourceTree = "<group>"; };
		720874981C32858B00380660 /* Info.plist */ = {isa = PBXFileReference; lastKnownFileType = text.plist.xml; path = Info.plist; sourceTree = "<group>"; };
		7208749D1C32858B00380660 /* MinwariUITests.xctest */ = {isa = PBXFileReference; explicitFileType = wrapper.cfbundle; includeInIndex = 0; path = MinwariUITests.xctest; sourceTree = BUILT_PRODUCTS_DIR; };
		720874A11C32858B00380660 /* MinwariUITests.swift */ = {isa = PBXFileReference; lastKnownFileType = sourcecode.swift; path = MinwariUITests.swift; sourceTree = "<group>"; };
		720874A31C32858B00380660 /* Info.plist */ = {isa = PBXFileReference; lastKnownFileType = text.plist.xml; path = Info.plist; sourceTree = "<group>"; };
		7244AB921C84878700CF36EA /* Button01.png */ = {isa = PBXFileReference; lastKnownFileType = image.png; path = Button01.png; sourceTree = "<group>"; };
		7244AB931C84878700CF36EA /* Button02.png */ = {isa = PBXFileReference; lastKnownFileType = image.png; path = Button02.png; sourceTree = "<group>"; };
		7244ABA31C84878700CF36EA /* Resultラベル.png */ = {isa = PBXFileReference; lastKnownFileType = image.png; path = "Resultラベル.png"; sourceTree = "<group>"; };
		7244ABA41C84878700CF36EA /* Swichラベル.png */ = {isa = PBXFileReference; lastKnownFileType = image.png; path = "Swichラベル.png"; sourceTree = "<group>"; };
		7244ABA61C84878700CF36EA /* 人数Label.png */ = {isa = PBXFileReference; lastKnownFileType = image.png; path = "人数Label.png"; sourceTree = "<group>"; };
		7244ABA71C84878700CF36EA /* 単位選択Label.png */ = {isa = PBXFileReference; lastKnownFileType = image.png; path = "単位選択Label.png"; sourceTree = "<group>"; };
		7244ABA91C84878700CF36EA /* 料金Label.png */ = {isa = PBXFileReference; lastKnownFileType = image.png; path = "料金Label.png"; sourceTree = "<group>"; };
		7244ABAA1C84878700CF36EA /* 端数ラベル.png */ = {isa = PBXFileReference; lastKnownFileType = image.png; path = "端数ラベル.png"; sourceTree = "<group>"; };
		7244ABC91C848AA100CF36EA /* Label1.png */ = {isa = PBXFileReference; lastKnownFileType = image.png; name = Label1.png; path = ../../Minwari/Label1.png; sourceTree = "<group>"; };
		7244ABCA1C848AA100CF36EA /* Label2.png */ = {isa = PBXFileReference; lastKnownFileType = image.png; name = Label2.png; path = ../../Minwari/Label2.png; sourceTree = "<group>"; };
		7244ABCD1C848CD200CF36EA /* タイトルLabel.png */ = {isa = PBXFileReference; lastKnownFileType = image.png; name = "タイトルLabel.png"; path = "../../Minwari/タイトルLabel.png"; sourceTree = "<group>"; };
		72662AFE1C465E1500A8B714 /* ResultViewController.swift */ = {isa = PBXFileReference; fileEncoding = 4; lastKnownFileType = sourcecode.swift; name = ResultViewController.swift; path = ../ResultViewController.swift; sourceTree = "<group>"; };
/* End PBXFileReference section */

/* Begin PBXFrameworksBuildPhase section */
		7208747B1C32858B00380660 /* Frameworks */ = {
			isa = PBXFrameworksBuildPhase;
			buildActionMask = 2147483647;
			files = (
			);
			runOnlyForDeploymentPostprocessing = 0;
		};
		7208748F1C32858B00380660 /* Frameworks */ = {
			isa = PBXFrameworksBuildPhase;
			buildActionMask = 2147483647;
			files = (
			);
			runOnlyForDeploymentPostprocessing = 0;
		};
		7208749A1C32858B00380660 /* Frameworks */ = {
			isa = PBXFrameworksBuildPhase;
			buildActionMask = 2147483647;
			files = (
			);
			runOnlyForDeploymentPostprocessing = 0;
		};
/* End PBXFrameworksBuildPhase section */

/* Begin PBXGroup section */
		720874751C32858B00380660 = {
			isa = PBXGroup;
			children = (
				720874801C32858B00380660 /* Minwari */,
				720874951C32858B00380660 /* MinwariTests */,
				720874A01C32858B00380660 /* MinwariUITests */,
				7208747F1C32858B00380660 /* Products */,
			);
			sourceTree = "<group>";
		};
		7208747F1C32858B00380660 /* Products */ = {
			isa = PBXGroup;
			children = (
				7208747E1C32858B00380660 /* Minwari.app */,
				720874921C32858B00380660 /* MinwariTests.xctest */,
				7208749D1C32858B00380660 /* MinwariUITests.xctest */,
			);
			name = Products;
			sourceTree = "<group>";
		};
		720874801C32858B00380660 /* Minwari */ = {
			isa = PBXGroup;
			children = (
				720874811C32858B00380660 /* AppDelegate.swift */,
				720874831C32858B00380660 /* ViewController.swift */,
				72662AFE1C465E1500A8B714 /* ResultViewController.swift */,
				720571701C85ED88000A0FBE /* 5.5inch.storyboard */,
				7205716E1C85ED6C000A0FBE /* 4.7inch.storyboard */,
				720874851C32858B00380660 /* 4inch.storyboard */,
				7205716C1C85ED5B000A0FBE /* 3.5inch.storyboard */,
				7244AB8E1C84878700CF36EA /* Minwari パーツセット */,
				720874881C32858B00380660 /* Assets.xcassets */,
				7208748A1C32858B00380660 /* LaunchScreen.storyboard */,
				7208748D1C32858B00380660 /* Info.plist */,
			);
			path = Minwari;
			sourceTree = "<group>";
		};
		720874951C32858B00380660 /* MinwariTests */ = {
			isa = PBXGroup;
			children = (
				720874961C32858B00380660 /* MinwariTests.swift */,
				720874981C32858B00380660 /* Info.plist */,
			);
			path = MinwariTests;
			sourceTree = "<group>";
		};
		720874A01C32858B00380660 /* MinwariUITests */ = {
			isa = PBXGroup;
			children = (
				720874A11C32858B00380660 /* MinwariUITests.swift */,
				720874A31C32858B00380660 /* Info.plist */,
			);
			path = MinwariUITests;
			sourceTree = "<group>";
		};
		7244AB8E1C84878700CF36EA /* Minwari パーツセット */ = {
			isa = PBXGroup;
			children = (
				7244AB8F1C84878700CF36EA /* Button */,
				7244AB961C84878700CF36EA /* Label */,
			);
			path = "Minwari パーツセット";
			sourceTree = SOURCE_ROOT;
		};
		7244AB8F1C84878700CF36EA /* Button */ = {
			isa = PBXGroup;
			children = (
				7244AB921C84878700CF36EA /* Button01.png */,
				7244AB931C84878700CF36EA /* Button02.png */,
			);
			path = Button;
			sourceTree = "<group>";
		};
		7244AB961C84878700CF36EA /* Label */ = {
			isa = PBXGroup;
			children = (
				7244ABA31C84878700CF36EA /* Resultラベル.png */,
				7244ABA41C84878700CF36EA /* Swichラベル.png */,
				7244ABA61C84878700CF36EA /* 人数Label.png */,
				7244ABA71C84878700CF36EA /* 単位選択Label.png */,
				7244ABA91C84878700CF36EA /* 料金Label.png */,
				7244ABAA1C84878700CF36EA /* 端数ラベル.png */,
				7244ABC91C848AA100CF36EA /* Label1.png */,
				7244ABCA1C848AA100CF36EA /* Label2.png */,
				7244ABCD1C848CD200CF36EA /* タイトルLabel.png */,
			);
			path = Label;
			sourceTree = "<group>";
		};
/* End PBXGroup section */

/* Begin PBXNativeTarget section */
		7208747D1C32858B00380660 /* Minwari */ = {
			isa = PBXNativeTarget;
			buildConfigurationList = 720874A61C32858B00380660 /* Build configuration list for PBXNativeTarget "Minwari" */;
			buildPhases = (
				7208747A1C32858B00380660 /* Sources */,
				7208747B1C32858B00380660 /* Frameworks */,
				7208747C1C32858B00380660 /* Resources */,
			);
			buildRules = (
			);
			dependencies = (
			);
			name = Minwari;
			productName = Minwari;
			productReference = 7208747E1C32858B00380660 /* Minwari.app */;
			productType = "com.apple.product-type.application";
		};
		720874911C32858B00380660 /* MinwariTests */ = {
			isa = PBXNativeTarget;
			buildConfigurationList = 720874A91C32858B00380660 /* Build configuration list for PBXNativeTarget "MinwariTests" */;
			buildPhases = (
				7208748E1C32858B00380660 /* Sources */,
				7208748F1C32858B00380660 /* Frameworks */,
				720874901C32858B00380660 /* Resources */,
			);
			buildRules = (
			);
			dependencies = (
				720874941C32858B00380660 /* PBXTargetDependency */,
			);
			name = MinwariTests;
			productName = MinwariTests;
			productReference = 720874921C32858B00380660 /* MinwariTests.xctest */;
			productType = "com.apple.product-type.bundle.unit-test";
		};
		7208749C1C32858B00380660 /* MinwariUITests */ = {
			isa = PBXNativeTarget;
			buildConfigurationList = 720874AC1C32858B00380660 /* Build configuration list for PBXNativeTarget "MinwariUITests" */;
			buildPhases = (
				720874991C32858B00380660 /* Sources */,
				7208749A1C32858B00380660 /* Frameworks */,
				7208749B1C32858B00380660 /* Resources */,
			);
			buildRules = (
			);
			dependencies = (
				7208749F1C32858B00380660 /* PBXTargetDependency */,
			);
			name = MinwariUITests;
			productName = MinwariUITests;
			productReference = 7208749D1C32858B00380660 /* MinwariUITests.xctest */;
			productType = "com.apple.product-type.bundle.ui-testing";
		};
/* End PBXNativeTarget section */

/* Begin PBXProject section */
		720874761C32858B00380660 /* Project object */ = {
			isa = PBXProject;
			attributes = {
				LastSwiftUpdateCheck = 0720;
				LastUpgradeCheck = 0720;
				ORGANIZATIONNAME = "並木一晃";
				TargetAttributes = {
					7208747D1C32858B00380660 = {
						CreatedOnToolsVersion = 7.2;
					};
					720874911C32858B00380660 = {
						CreatedOnToolsVersion = 7.2;
						TestTargetID = 7208747D1C32858B00380660;
					};
					7208749C1C32858B00380660 = {
						CreatedOnToolsVersion = 7.2;
						TestTargetID = 7208747D1C32858B00380660;
					};
				};
			};
			buildConfigurationList = 720874791C32858B00380660 /* Build configuration list for PBXProject "Minwari" */;
			compatibilityVersion = "Xcode 3.2";
			developmentRegion = English;
			hasScannedForEncodings = 0;
			knownRegions = (
				en,
				Base,
			);
			mainGroup = 720874751C32858B00380660;
			productRefGroup = 7208747F1C32858B00380660 /* Products */;
			projectDirPath = "";
			projectRoot = "";
			targets = (
				7208747D1C32858B00380660 /* Minwari */,
				720874911C32858B00380660 /* MinwariTests */,
				7208749C1C32858B00380660 /* MinwariUITests */,
			);
		};
/* End PBXProject section */

/* Begin PBXResourcesBuildPhase section */
		7208747C1C32858B00380660 /* Resources */ = {
			isa = PBXResourcesBuildPhase;
			buildActionMask = 2147483647;
			files = (
				7244ABB11C84878700CF36EA /* Button02.png in Resources */,
				7208748C1C32858B00380660 /* LaunchScreen.storyboard in Resources */,
				7244ABCB1C848AA100CF36EA /* Label1.png in Resources */,
				7205716D1C85ED5B000A0FBE /* 3.5inch.storyboard in Resources */,
				720571711C85ED88000A0FBE /* 5.5inch.storyboard in Resources */,
				7244ABC21C84878700CF36EA /* 人数Label.png in Resources */,
				7244ABCC1C848AA100CF36EA /* Label2.png in Resources */,
				7244ABC51C84878700CF36EA /* 料金Label.png in Resources */,
				7244ABC61C84878700CF36EA /* 端数ラベル.png in Resources */,
				7244ABBF1C84878700CF36EA /* Resultラベル.png in Resources */,
				7244ABCE1C848CD200CF36EA /* タイトルLabel.png in Resources */,
				7244ABB01C84878700CF36EA /* Button01.png in Resources */,
				7244ABC01C84878700CF36EA /* Swichラベル.png in Resources */,
				720874891C32858B00380660 /* Assets.xcassets in Resources */,
				7205716F1C85ED6C000A0FBE /* 4.7inch.storyboard in Resources */,
				720874871C32858B00380660 /* 4inch.storyboard in Resources */,
				7244ABC31C84878700CF36EA /* 単位選択Label.png in Resources */,
			);
			runOnlyForDeploymentPostprocessing = 0;
		};
		720874901C32858B00380660 /* Resources */ = {
			isa = PBXResourcesBuildPhase;
			buildActionMask = 2147483647;
			files = (
			);
			runOnlyForDeploymentPostprocessing = 0;
		};
		7208749B1C32858B00380660 /* Resources */ = {
			isa = PBXResourcesBuildPhase;
			buildActionMask = 2147483647;
			files = (
			);
			runOnlyForDeploymentPostprocessing = 0;
		};
/* End PBXResourcesBuildPhase section */

/* Begin PBXSourcesBuildPhase section */
		7208747A1C32858B00380660 /* Sources */ = {
			isa = PBXSourcesBuildPhase;
			buildActionMask = 2147483647;
			files = (
				720874841C32858B00380660 /* ViewController.swift in Sources */,
				720874821C32858B00380660 /* AppDelegate.swift in Sources */,
				72662AFF1C465E1500A8B714 /* ResultViewController.swift in Sources */,
			);
			runOnlyForDeploymentPostprocessing = 0;
		};
		7208748E1C32858B00380660 /* Sources */ = {
			isa = PBXSourcesBuildPhase;
			buildActionMask = 2147483647;
			files = (
				720874971C32858B00380660 /* MinwariTests.swift in Sources */,
			);
			runOnlyForDeploymentPostprocessing = 0;
		};
		720874991C32858B00380660 /* Sources */ = {
			isa = PBXSourcesBuildPhase;
			buildActionMask = 2147483647;
			files = (
				720874A21C32858B00380660 /* MinwariUITests.swift in Sources */,
			);
			runOnlyForDeploymentPostprocessing = 0;
		};
/* End PBXSourcesBuildPhase section */

/* Begin PBXTargetDependency section */
		720874941C32858B00380660 /* PBXTargetDependency */ = {
			isa = PBXTargetDependency;
			target = 7208747D1C32858B00380660 /* Minwari */;
			targetProxy = 720874931C32858B00380660 /* PBXContainerItemProxy */;
		};
		7208749F1C32858B00380660 /* PBXTargetDependency */ = {
			isa = PBXTargetDependency;
			target = 7208747D1C32858B00380660 /* Minwari */;
			targetProxy = 7208749E1C32858B00380660 /* PBXContainerItemProxy */;
		};
/* End PBXTargetDependency section */

/* Begin PBXVariantGroup section */
		720874851C32858B00380660 /* 4inch.storyboard */ = {
			isa = PBXVariantGroup;
			children = (
				720874861C32858B00380660 /* Base */,
			);
			name = 4inch.storyboard;
			sourceTree = "<group>";
		};
		7208748A1C32858B00380660 /* LaunchScreen.storyboard */ = {
			isa = PBXVariantGroup;
			children = (
				7208748B1C32858B00380660 /* Base */,
			);
			name = LaunchScreen.storyboard;
			sourceTree = "<group>";
		};
/* End PBXVariantGroup section */

/* Begin XCBuildConfiguration section */
		720874A41C32858B00380660 /* Debug */ = {
			isa = XCBuildConfiguration;
			buildSettings = {
				ALWAYS_SEARCH_USER_PATHS = NO;
				CLANG_CXX_LANGUAGE_STANDARD = "gnu++0x";
				CLANG_CXX_LIBRARY = "libc++";
				CLANG_ENABLE_MODULES = YES;
				CLANG_ENABLE_OBJC_ARC = YES;
				CLANG_WARN_BOOL_CONVERSION = YES;
				CLANG_WARN_CONSTANT_CONVERSION = YES;
				CLANG_WARN_DIRECT_OBJC_ISA_USAGE = YES_ERROR;
				CLANG_WARN_EMPTY_BODY = YES;
				CLANG_WARN_ENUM_CONVERSION = YES;
				CLANG_WARN_INT_CONVERSION = YES;
				CLANG_WARN_OBJC_ROOT_CLASS = YES_ERROR;
				CLANG_WARN_UNREACHABLE_CODE = YES;
				CLANG_WARN__DUPLICATE_METHOD_MATCH = YES;
				"CODE_SIGN_IDENTITY[sdk=iphoneos*]" = "iPhone Developer";
				COPY_PHASE_STRIP = NO;
				DEBUG_INFORMATION_FORMAT = dwarf;
				ENABLE_STRICT_OBJC_MSGSEND = YES;
				ENABLE_TESTABILITY = YES;
				GCC_C_LANGUAGE_STANDARD = gnu99;
				GCC_DYNAMIC_NO_PIC = NO;
				GCC_NO_COMMON_BLOCKS = YES;
				GCC_OPTIMIZATION_LEVEL = 0;
				GCC_PREPROCESSOR_DEFINITIONS = (
					"DEBUG=1",
					"$(inherited)",
				);
				GCC_WARN_64_TO_32_BIT_CONVERSION = YES;
				GCC_WARN_ABOUT_RETURN_TYPE = YES_ERROR;
				GCC_WARN_UNDECLARED_SELECTOR = YES;
				GCC_WARN_UNINITIALIZED_AUTOS = YES_AGGRESSIVE;
				GCC_WARN_UNUSED_FUNCTION = YES;
				GCC_WARN_UNUSED_VARIABLE = YES;
				IPHONEOS_DEPLOYMENT_TARGET = 8.0;
				MTL_ENABLE_DEBUG_INFO = YES;
				ONLY_ACTIVE_ARCH = YES;
				SDKROOT = iphoneos;
				SWIFT_OPTIMIZATION_LEVEL = "-Onone";
			};
			name = Debug;
		};
		720874A51C32858B00380660 /* Release */ = {
			isa = XCBuildConfiguration;
			buildSettings = {
				ALWAYS_SEARCH_USER_PATHS = NO;
				CLANG_CXX_LANGUAGE_STANDARD = "gnu++0x";
				CLANG_CXX_LIBRARY = "libc++";
				CLANG_ENABLE_MODULES = YES;
				CLANG_ENABLE_OBJC_ARC = YES;
				CLANG_WARN_BOOL_CONVERSION = YES;
				CLANG_WARN_CONSTANT_CONVERSION = YES;
				CLANG_WARN_DIRECT_OBJC_ISA_USAGE = YES_ERROR;
				CLANG_WARN_EMPTY_BODY = YES;
				CLANG_WARN_ENUM_CONVERSION = YES;
				CLANG_WARN_INT_CONVERSION = YES;
				CLANG_WARN_OBJC_ROOT_CLASS = YES_ERROR;
				CLANG_WARN_UNREACHABLE_CODE = YES;
				CLANG_WARN__DUPLICATE_METHOD_MATCH = YES;
				"CODE_SIGN_IDENTITY[sdk=iphoneos*]" = "iPhone Developer";
				COPY_PHASE_STRIP = NO;
				DEBUG_INFORMATION_FORMAT = "dwarf-with-dsym";
				ENABLE_NS_ASSERTIONS = NO;
				ENABLE_STRICT_OBJC_MSGSEND = YES;
				GCC_C_LANGUAGE_STANDARD = gnu99;
				GCC_NO_COMMON_BLOCKS = YES;
				GCC_WARN_64_TO_32_BIT_CONVERSION = YES;
				GCC_WARN_ABOUT_RETURN_TYPE = YES_ERROR;
				GCC_WARN_UNDECLARED_SELECTOR = YES;
				GCC_WARN_UNINITIALIZED_AUTOS = YES_AGGRESSIVE;
				GCC_WARN_UNUSED_FUNCTION = YES;
				GCC_WARN_UNUSED_VARIABLE = YES;
				IPHONEOS_DEPLOYMENT_TARGET = 8.0;
				MTL_ENABLE_DEBUG_INFO = NO;
				SDKROOT = iphoneos;
				VALIDATE_PRODUCT = YES;
			};
			name = Release;
		};
		720874A71C32858B00380660 /* Debug */ = {
			isa = XCBuildConfiguration;
			buildSettings = {
				ASSETCATALOG_COMPILER_APPICON_NAME = AppIcon;
				INFOPLIST_FILE = Minwari/Info.plist;
				IPHONEOS_DEPLOYMENT_TARGET = 8.0;
				LD_RUNPATH_SEARCH_PATHS = "$(inherited) @executable_path/Frameworks";
				PRODUCT_BUNDLE_IDENTIFIER = com.kazuaki.Minwari;
				PRODUCT_NAME = "$(TARGET_NAME)";
				TARGETED_DEVICE_FAMILY = "1,2";
			};
			name = Debug;
		};
		720874A81C32858B00380660 /* Release */ = {
			isa = XCBuildConfiguration;
			buildSettings = {
				ASSETCATALOG_COMPILER_APPICON_NAME = AppIcon;
				INFOPLIST_FILE = Minwari/Info.plist;
				IPHONEOS_DEPLOYMENT_TARGET = 8.0;
				LD_RUNPATH_SEARCH_PATHS = "$(inherited) @executable_path/Frameworks";
				PRODUCT_BUNDLE_IDENTIFIER = com.kazuaki.Minwari;
				PRODUCT_NAME = "$(TARGET_NAME)";
				TARGETED_DEVICE_FAMILY = "1,2";
			};
			name = Release;
		};
		720874AA1C32858B00380660 /* Debug */ = {
			isa = XCBuildConfiguration;
			buildSettings = {
				BUNDLE_LOADER = "$(TEST_HOST)";
				INFOPLIST_FILE = MinwariTests/Info.plist;
				LD_RUNPATH_SEARCH_PATHS = "$(inherited) @executable_path/Frameworks @loader_path/Frameworks";
				PRODUCT_BUNDLE_IDENTIFIER = com.litech.MinwariTests;
				PRODUCT_NAME = "$(TARGET_NAME)";
				TEST_HOST = "$(BUILT_PRODUCTS_DIR)/Minwari.app/Minwari";
			};
			name = Debug;
		};
		720874AB1C32858B00380660 /* Release */ = {
			isa = XCBuildConfiguration;
			buildSettings = {
				BUNDLE_LOADER = "$(TEST_HOST)";
				INFOPLIST_FILE = MinwariTests/Info.plist;
				LD_RUNPATH_SEARCH_PATHS = "$(inherited) @executable_path/Frameworks @loader_path/Frameworks";
				PRODUCT_BUNDLE_IDENTIFIER = com.litech.MinwariTests;
				PRODUCT_NAME = "$(TARGET_NAME)";
				TEST_HOST = "$(BUILT_PRODUCTS_DIR)/Minwari.app/Minwari";
			};
			name = Release;
		};
		720874AD1C32858B00380660 /* Debug */ = {
			isa = XCBuildConfiguration;
			buildSettings = {
				INFOPLIST_FILE = MinwariUITests/Info.plist;
				LD_RUNPATH_SEARCH_PATHS = "$(inherited) @executable_path/Frameworks @loader_path/Frameworks";
				PRODUCT_BUNDLE_IDENTIFIER = com.litech.MinwariUITests;
				PRODUCT_NAME = "$(TARGET_NAME)";
				TEST_TARGET_NAME = Minwari;
				USES_XCTRUNNER = YES;
			};
			name = Debug;
		};
		720874AE1C32858B00380660 /* Release */ = {
			isa = XCBuildConfiguration;
			buildSettings = {
				INFOPLIST_FILE = MinwariUITests/Info.plist;
				LD_RUNPATH_SEARCH_PATHS = "$(inherited) @executable_path/Frameworks @loader_path/Frameworks";
				PRODUCT_BUNDLE_IDENTIFIER = com.litech.MinwariUITests;
				PRODUCT_NAME = "$(TARGET_NAME)";
				TEST_TARGET_NAME = Minwari;
				USES_XCTRUNNER = YES;
			};
			name = Release;
		};
/* End XCBuildConfiguration section */

/* Begin XCConfigurationList section */
		720874791C32858B00380660 /* Build configuration list for PBXProject "Minwari" */ = {
			isa = XCConfigurationList;
			buildConfigurations = (
				720874A41C32858B00380660 /* Debug */,
				720874A51C32858B00380660 /* Release */,
			);
			defaultConfigurationIsVisible = 0;
			defaultConfigurationName = Release;
		};
		720874A61C32858B00380660 /* Build configuration list for PBXNativeTarget "Minwari" */ = {
			isa = XCConfigurationList;
			buildConfigurations = (
				720874A71C32858B00380660 /* Debug */,
				720874A81C32858B00380660 /* Release */,
			);
			defaultConfigurationIsVisible = 0;
			defaultConfigurationName = Release;
		};
		720874A91C32858B00380660 /* Build configuration list for PBXNativeTarget "MinwariTests" */ = {
			isa = XCConfigurationList;
			buildConfigurations = (
				720874AA1C32858B00380660 /* Debug */,
				720874AB1C32858B00380660 /* Release */,
			);
			defaultConfigurationIsVisible = 0;
			defaultConfigurationName = Release;
		};
		720874AC1C32858B00380660 /* Build configuration list for PBXNativeTarget "MinwariUITests" */ = {
			isa = XCConfigurationList;
			buildConfigurations = (
				720874AD1C32858B00380660 /* Debug */,
				720874AE1C32858B00380660 /* Release */,
			);
			defaultConfigurationIsVisible = 0;
			defaultConfigurationName = Release;
		};
/* End XCConfigurationList section */
	};
	rootObject = 720874761C32858B00380660 /* Project object */;
}
